
Microsoft Visual Studio Solution File, Format Version 12.00
# Visual Studio Version 17
VisualStudioVersion = 17.4.33205.214
MinimumVisualStudioVersion = 10.0.40219.1
Project("{9A19103F-16F7-4668-BE54-9A1E7A4F7556}") = "Calculator", "Calculator.csproj", "{B2A80875-9A4D-4C87-AC49-E01D907F7F9A}"
EndProject
Global
	GlobalSection(SolutionConfigurationPlatforms) = preSolution
		Debug|Any CPU = Debug|Any CPU
		Release|Any CPU = Release|Any CPU
	EndGlobalSection
	GlobalSection(ProjectConfigurationPlatforms) = postSolution
		{B2A80875-9A4D-4C87-AC49-E01D907F7F9A}.Debug|Any CPU.ActiveCfg = Debug|Any CPU
		{B2A80875-9A4D-4C87-AC49-E01D907F7F9A}.Debug|Any CPU.Build.0 = Debug|Any CPU
		{B2A80875-9A4D-4C87-AC49-E01D907F7F9A}.Release|Any CPU.ActiveCfg = Release|Any CPU
		{B2A80875-9A4D-4C87-AC49-E01D907F7F9A}.Release|Any CPU.Build.0 = Release|Any CPU
	EndGlobalSection
	GlobalSection(SolutionProperties) = preSolution
		HideSolutionNode = FALSE
	EndGlobalSection
	GlobalSection(ExtensibilityGlobals) = postSolution
		SolutionGuid = {7F80A1AB-25B8-43E2-9C90-8DB90FEF3BE0}
	EndGlobalSection
EndGlobal
